{
  "name": "using-library-with-node",
  "version": "1.0.0",
  "lockfileVersion": 3,
  "requires": true,
  "packages": {
    "": {
      "name": "using-library-with-node",
      "version": "1.0.0",
      "license": "ISC",
      "dependencies": {
        "@safmaxser/ajs": "^1.0.0"
      }
    },
    "node_modules/@safmaxser/ajs": {
      "version": "1.0.0",
      "resolved": "https://npm.pkg.github.com/download/@safmaxser/ajs/1.0.0/c90f7f8d3945e0f6cd28e026aeace093be5a7f9e",
      "integrity": "sha512-4a68Pa8EbD6VuiflzMCMRykcsWHO87s2bXdxOd89PKIl5PkyY6H/e0Cr+t6scUhFykW/FAGt44sxGSYcguNIzQ==",
      "license": "ISC"
    }
  }
}
